
Microsoft Visual Studio Solution File, Format Version 12.00
# Visual Studio Version 16
VisualStudioVersion = 16.0.30611.23
MinimumVisualStudioVersion = 10.0.40219.1
Project("{9A19103F-16F7-4668-BE54-9A1E7A4F7556}") = "IndiaCensusDataDemo", "IndiaCensusDataDemo.csproj", "{D40FBF39-B1DE-4414-81E7-D5565A673DB5}"
EndProject
Project("{FAE04EC0-301F-11D3-BF4B-00C04F79EFBC}") = "IndianStateNunit", "..\IndianStateNunit\IndianStateNunit.csproj", "{480BC7B9-9B73-4D42-9D9D-0AE82A3D24BB}"
EndProject
Global
	GlobalSection(SolutionConfigurationPlatforms) = preSolution
		Debug|Any CPU = Debug|Any CPU
		Release|Any CPU = Release|Any CPU
	EndGlobalSection
	GlobalSection(ProjectConfigurationPlatforms) = postSolution
		{D40FBF39-B1DE-4414-81E7-D5565A673DB5}.Debug|Any CPU.ActiveCfg = Debug|Any CPU
		{D40FBF39-B1DE-4414-81E7-D5565A673DB5}.Debug|Any CPU.Build.0 = Debug|Any CPU
		{D40FBF39-B1DE-4414-81E7-D5565A673DB5}.Release|Any CPU.ActiveCfg = Release|Any CPU
		{D40FBF39-B1DE-4414-81E7-D5565A673DB5}.Release|Any CPU.Build.0 = Release|Any CPU
		{480BC7B9-9B73-4D42-9D9D-0AE82A3D24BB}.Debug|Any CPU.ActiveCfg = Debug|Any CPU
		{480BC7B9-9B73-4D42-9D9D-0AE82A3D24BB}.Debug|Any CPU.Build.0 = Debug|Any CPU
		{480BC7B9-9B73-4D42-9D9D-0AE82A3D24BB}.Release|Any CPU.ActiveCfg = Release|Any CPU
		{480BC7B9-9B73-4D42-9D9D-0AE82A3D24BB}.Release|Any CPU.Build.0 = Release|Any CPU
	EndGlobalSection
	GlobalSection(SolutionProperties) = preSolution
		HideSolutionNode = FALSE
	EndGlobalSection
	GlobalSection(ExtensibilityGlobals) = postSolution
		SolutionGuid = {1BF75F3B-158D-4BDA-A83A-732727166F63}
	EndGlobalSection
EndGlobal
